
Microsoft Visual Studio Solution File, Format Version 12.00
# Visual Studio 15
VisualStudioVersion = 15.0.28307.106
MinimumVisualStudioVersion = 10.0.40219.1
Project("{FAE04EC0-301F-11D3-BF4B-00C04F79EFBC}") = "MAlignedArray", "MAlignedArray\MAlignedArray.csproj", "{BEABF784-FA5F-4952-B798-F797CC8CB58A}"
EndProject
Global
	GlobalSection(SolutionConfigurationPlatforms) = preSolution
		Debug|Any CPU = Debug|Any CPU
		Release|Any CPU = Release|Any CPU
	EndGlobalSection
	GlobalSection(ProjectConfigurationPlatforms) = postSolution
		{BEABF784-FA5F-4952-B798-F797CC8CB58A}.Debug|Any CPU.ActiveCfg = Debug|Any CPU
		{BEABF784-FA5F-4952-B798-F797CC8CB58A}.Debug|Any CPU.Build.0 = Debug|Any CPU
		{BEABF784-FA5F-4952-B798-F797CC8CB58A}.Release|Any CPU.ActiveCfg = Release|Any CPU
		{BEABF784-FA5F-4952-B798-F797CC8CB58A}.Release|Any CPU.Build.0 = Release|Any CPU
	EndGlobalSection
	GlobalSection(SolutionProperties) = preSolution
		HideSolutionNode = FALSE
	EndGlobalSection
	GlobalSection(ExtensibilityGlobals) = postSolution
		SolutionGuid = {B8716EF2-ECF3-43F9-9C65-1F4E9AF6ECAC}
	EndGlobalSection
EndGlobal
